{
  "nodes": {
    "brew-src": {
      "flake": false,
      "locked": {
        "lastModified": 1778427648,
        "narHash": "sha256-pt9KaDGsMyYWB9JeHs4XGHs870f1lOZe3vx9LpVIhUE=",
        "owner": "Homebrew",
        "repo": "brew",
        "rev": "6f293daa9f9f5832e13b497976335e90509886d7",
        "type": "github"
      },
      "original": {
        "owner": "Homebrew",
        "ref": "5.1.11",
        "repo": "brew",
        "type": "github"
      }
    },
    "flake-parts": {
      "inputs": {
        "nixpkgs-lib": [
          "neovim-nightly-overlay",
          "nixpkgs"
        ]
      },
      "locked": {
        "lastModified": 1778716662,
        "narHash": "sha256-m1Yf0wZ8j1OHjTc2UwHwyQRSnNeSgLJOd7q5Y45hzi4=",
        "owner": "hercules-ci",
        "repo": "flake-parts",
        "rev": "f7c1a2d347e4c52d5fb8d10cb4d94b5884e546fb",
        "type": "github"
      },
      "original": {
        "owner": "hercules-ci",
        "repo": "flake-parts",
        "type": "github"
      }
    },
    "home-manager": {
      "inputs": {
        "nixpkgs": [
          "nixpkgs"
        ]
      },
      "locked": {
        "lastModified": 1780099287,
        "narHash": "sha256-efIPwVGtIWIjWcznhaop6XN6HxnOL8800hF6CBNvlqQ=",
        "owner": "nix-community",
        "repo": "home-manager",
        "rev": "7d8127d308c3fb9664f7e643eec944be74ebb37d",
        "type": "github"
      },
      "original": {
        "owner": "nix-community",
        "repo": "home-manager",
        "type": "github"
      }
    },
    "homebrew-ariga": {
      "flake": false,
      "locked": {
        "lastModified": 1768233158,
        "narHash": "sha256-uxciUWBtqzMmzKiY6Vw8b2/N8yFSMxee6/yt6J1WdCc=",
        "owner": "ariga",
        "repo": "homebrew-tap",
        "rev": "b9434f0f13e4177ad7d0306da3cf368b174f40b6",
        "type": "github"
      },
      "original": {
        "owner": "ariga",
        "repo": "homebrew-tap",
        "type": "github"
      }
    },
    "homebrew-bundle": {
      "flake": false,
      "locked": {
        "lastModified": 1745335228,
        "narHash": "sha256-TIKR2UgtyUmHLNZp255/vLs+1I10hXe+sciMEbAGFwE=",
        "owner": "homebrew",
        "repo": "homebrew-bundle",
        "rev": "a3265c84b232e13048ecbf6fc18a2eedfadbeb08",
        "type": "github"
      },
      "original": {
        "owner": "homebrew",
        "repo": "homebrew-bundle",
        "type": "github"
      }
    },
    "homebrew-cask": {
      "flake": false,
      "locked": {
        "lastModified": 1780205612,
        "narHash": "sha256-gB4118gg9W6m7TfIZygHY2dTE0NYJUIHsRJrEKOXt1o=",
        "owner": "homebrew",
        "repo": "homebrew-cask",
        "rev": "1c87e8f80617b94d4de4a9be822d5dff490deb0f",
        "type": "github"
      },
      "original": {
        "owner": "homebrew",
        "repo": "homebrew-cask",
        "type": "github"
      }
    },
    "homebrew-core": {
      "flake": false,
      "locked": {
        "lastModified": 1780203868,
        "narHash": "sha256-YlplNuzltoeZXEGn/Wkm2zMjJVJZYr/Jlz1VKgaln2Q=",
        "owner": "homebrew",
        "repo": "homebrew-core",
        "rev": "0da4d99baf62e6394caf63781c7f318329e4dcf7",
        "type": "github"
      },
      "original": {
        "owner": "homebrew",
        "repo": "homebrew-core",
        "type": "github"
      }
    },
    "homebrew-fujiwara": {
      "flake": false,
      "locked": {
        "lastModified": 1779802118,
        "narHash": "sha256-DDVolTzzt5Md+rcTYYY2VJBdDD402pXfLzbQtvIAfks=",
        "owner": "fujiwara",
        "repo": "homebrew-tap",
        "rev": "29f581f8854cd27289e6f3a354c485e509e2b6e6",
        "type": "github"
      },
      "original": {
        "owner": "fujiwara",
        "repo": "homebrew-tap",
        "type": "github"
      }
    },
    "homebrew-hashicorp": {
      "flake": false,
      "locked": {
        "lastModified": 1779898100,
        "narHash": "sha256-+HkGO7CdLMQhXrp0gvJrxqM/6/s6aku/B2WZYyh+oSI=",
        "owner": "hashicorp",
        "repo": "homebrew-tap",
        "rev": "3c3aed01bdaf9eeaf9e15965dee1e9ca95c593cb",
        "type": "github"
      },
      "original": {
        "owner": "hashicorp",
        "repo": "homebrew-tap",
        "type": "github"
      }
    },
    "homebrew-idoavrah": {
      "flake": false,
      "locked": {
        "lastModified": 1750414813,
        "narHash": "sha256-+YwspUoqGsAxoCTwWsSviPqaveUeV0lmplGCr7y8TCM=",
        "owner": "idoavrah",
        "repo": "homebrew-homebrew",
        "rev": "8819c0c8d7e10901769c56555cfcd53d56bd260f",
        "type": "github"
      },
      "original": {
        "owner": "idoavrah",
        "repo": "homebrew-homebrew",
        "type": "github"
      }
    },
    "homebrew-kayac": {
      "flake": false,
      "locked": {
        "lastModified": 1778977863,
        "narHash": "sha256-D7GUL4R3hwTar0nE0cUWSNiEsXXf55OIhSB+lmDxYFo=",
        "owner": "kayac",
        "repo": "homebrew-tap",
        "rev": "c820f7887e79f81a474c0e523bdf6a6f312c5b7c",
        "type": "github"
      },
      "original": {
        "owner": "kayac",
        "repo": "homebrew-tap",
        "type": "github"
      }
    },
    "neovim-nightly-overlay": {
      "inputs": {
        "flake-parts": "flake-parts",
        "neovim-src": "neovim-src",
        "nixpkgs": [
          "nixpkgs"
        ]
      },
      "locked": {
        "lastModified": 1780185832,
        "narHash": "sha256-Pgh72+GO3IHDSH0fuSsfqzjBE7vvGxdAdYJMsQ4oO74=",
        "owner": "nix-community",
        "repo": "neovim-nightly-overlay",
        "rev": "a5482b1e66456d6d54c5981f5ab92ffbf9a59039",
        "type": "github"
      },
      "original": {
        "owner": "nix-community",
        "repo": "neovim-nightly-overlay",
        "type": "github"
      }
    },
    "neovim-src": {
      "flake": false,
      "locked": {
        "lastModified": 1780149736,
        "narHash": "sha256-BM8ItrD//2JetVx4oeyRJZnOm8ctnIHu8pInwy3e4+E=",
        "owner": "neovim",
        "repo": "neovim",
        "rev": "70cfeabe23bbeeb2995318cd1a5224d6069fad5b",
        "type": "github"
      },
      "original": {
        "owner": "neovim",
        "repo": "neovim",
        "type": "github"
      }
    },
    "nix-darwin": {
      "inputs": {
        "nixpkgs": [
          "nixpkgs"
        ]
      },
      "locked": {
        "lastModified": 1779036909,
        "narHash": "sha256-zXcwYQGCT6pzinK+1dBB2ekTVtfxGZAapb3Evdcu4fY=",
        "owner": "LnL7",
        "repo": "nix-darwin",
        "rev": "56c666e108467d87d13508936aade6d567f2a501",
        "type": "github"
      },
      "original": {
        "owner": "LnL7",
        "repo": "nix-darwin",
        "type": "github"
      }
    },
    "nix-homebrew": {
      "inputs": {
        "brew-src": "brew-src"
      },
      "locked": {
        "lastModified": 1778851564,
        "narHash": "sha256-p8wzcnpB2Iys+QzAKM9/Eyw/pUyqCO3sw/NCnDH4dTE=",
        "owner": "zhaofengli",
        "repo": "nix-homebrew",
        "rev": "b3a87b4793205cc111f3c61e25e018ffac3b8039",
        "type": "github"
      },
      "original": {
        "owner": "zhaofengli",
        "repo": "nix-homebrew",
        "type": "github"
      }
    },
    "nixpkgs": {
      "locked": {
        "lastModified": 1780030872,
        "narHash": "sha256-u6WU/yd/o8iYQrHX3RAwO1hYa3LkoSL+WNQD0rJfJZQ=",
        "owner": "NixOS",
        "repo": "nixpkgs",
        "rev": "e9a7635a57597d9754eccebdfc7045e6c8600e6b",
        "type": "github"
      },
      "original": {
        "owner": "NixOS",
        "ref": "nixpkgs-unstable",
        "repo": "nixpkgs",
        "type": "github"
      }
    },
    "root": {
      "inputs": {
        "home-manager": "home-manager",
        "homebrew-ariga": "homebrew-ariga",
        "homebrew-bundle": "homebrew-bundle",
        "homebrew-cask": "homebrew-cask",
        "homebrew-core": "homebrew-core",
        "homebrew-fujiwara": "homebrew-fujiwara",
        "homebrew-hashicorp": "homebrew-hashicorp",
        "homebrew-idoavrah": "homebrew-idoavrah",
        "homebrew-kayac": "homebrew-kayac",
        "neovim-nightly-overlay": "neovim-nightly-overlay",
        "nix-darwin": "nix-darwin",
        "nix-homebrew": "nix-homebrew",
        "nixpkgs": "nixpkgs",
        "treefmt-nix": "treefmt-nix"
      }
    },
    "treefmt-nix": {
      "inputs": {
        "nixpkgs": [
          "nixpkgs"
        ]
      },
      "locked": {
        "lastModified": 1775636079,
        "narHash": "sha256-pc20NRoMdiar8oPQceQT47UUZMBTiMdUuWrYu2obUP0=",
        "owner": "numtide",
        "repo": "treefmt-nix",
        "rev": "790751ff7fd3801feeaf96d7dc416a8d581265ba",
        "type": "github"
      },
      "original": {
        "owner": "numtide",
        "repo": "treefmt-nix",
        "type": "github"
      }
    }
  },
  "root": "root",
  "version": 7
}
